// !$*UTF8*$!
{
	archiveVersion = 1;
	classes = {
	};
	objectVersion = 46;
	objects = {

/* Begin PBXBuildFile section */
		3D1DD11519FF242700BA7E2A /* AppDelegate.swift in Sources */ = {isa = PBXBuildFile; fileRef = 3D1DD11419FF242700BA7E2A /* AppDelegate.swift */; };
		3D1DD11819FF242700BA7E2A /* SwINQ.xcdatamodeld in Sources */ = {isa = PBXBuildFile; fileRef = 3D1DD11619FF242700BA7E2A /* SwINQ.xcdatamodeld */; };
		3D1DD11A19FF242700BA7E2A /* MasterViewController.swift in Sources */ = {isa = PBXBuildFile; fileRef = 3D1DD11919FF242700BA7E2A /* MasterViewController.swift */; };
		3D1DD11C19FF242700BA7E2A /* DetailViewController.swift in Sources */ = {isa = PBXBuildFile; fileRef = 3D1DD11B19FF242700BA7E2A /* DetailViewController.swift */; };
		3D1DD11F19FF242700BA7E2A /* Main.storyboard in Resources */ = {isa = PBXBuildFile; fileRef = 3D1DD11D19FF242700BA7E2A /* Main.storyboard */; };
		3D1DD12119FF242700BA7E2A /* Images.xcassets in Resources */ = {isa = PBXBuildFile; fileRef = 3D1DD12019FF242700BA7E2A /* Images.xcassets */; };
		3D1DD12419FF242700BA7E2A /* LaunchScreen.xib in Resources */ = {isa = PBXBuildFile; fileRef = 3D1DD12219FF242700BA7E2A /* LaunchScreen.xib */; };
		3D1DD13019FF242700BA7E2A /* SwINQTests.swift in Sources */ = {isa = PBXBuildFile; fileRef = 3D1DD12F19FF242700BA7E2A /* SwINQTests.swift */; };
/* End PBXBuildFile section */

/* Begin PBXContainerItemProxy section */
		3D1DD12A19FF242700BA7E2A /* PBXContainerItemProxy */ = {
			isa = PBXContainerItemProxy;
			containerPortal = 3D1DD10719FF242700BA7E2A /* Project object */;
			proxyType = 1;
			remoteGlobalIDString = 3D1DD10E19FF242700BA7E2A;
			remoteInfo = SwINQ;
		};
/* End PBXContainerItemProxy section */

/* Begin PBXFileReference section */
		3D1DD10F19FF242700BA7E2A /* SwINQ.app */ = {isa = PBXFileReference; explicitFileType = wrapper.application; includeInIndex = 0; path = SwINQ.app; sourceTree = BUILT_PRODUCTS_DIR; };
		3D1DD11319FF242700BA7E2A /* Info.plist */ = {isa = PBXFileReference; lastKnownFileType = text.plist.xml; path = Info.plist; sourceTree = "<group>"; };
		3D1DD11419FF242700BA7E2A /* AppDelegate.swift */ = {isa = PBXFileReference; lastKnownFileType = sourcecode.swift; path = AppDelegate.swift; sourceTree = "<group>"; };
		3D1DD11719FF242700BA7E2A /* SwINQ.xcdatamodel */ = {isa = PBXFileReference; lastKnownFileType = wrapper.xcdatamodel; path = SwINQ.xcdatamodel; sourceTree = "<group>"; };
		3D1DD11919FF242700BA7E2A /* MasterViewController.swift */ = {isa = PBXFileReference; lastKnownFileType = sourcecode.swift; path = MasterViewController.swift; sourceTree = "<group>"; };
		3D1DD11B19FF242700BA7E2A /* DetailViewController.swift */ = {isa = PBXFileReference; lastKnownFileType = sourcecode.swift; path = DetailViewController.swift; sourceTree = "<group>"; };
		3D1DD11E19FF242700BA7E2A /* Base */ = {isa = PBXFileReference; lastKnownFileType = file.storyboard; name = Base; path = Base.lproj/Main.storyboard; sourceTree = "<group>"; };
		3D1DD12019FF242700BA7E2A /* Images.xcassets */ = {isa = PBXFileReference; lastKnownFileType = folder.assetcatalog; path = Images.xcassets; sourceTree = "<group>"; };
		3D1DD12319FF242700BA7E2A /* Base */ = {isa = PBXFileReference; lastKnownFileType = file.xib; name = Base; path = Base.lproj/LaunchScreen.xib; sourceTree = "<group>"; };
		3D1DD12919FF242700BA7E2A /* SwINQTests.xctest */ = {isa = PBXFileReference; explicitFileType = wrapper.cfbundle; includeInIndex = 0; path = SwINQTests.xctest; sourceTree = BUILT_PRODUCTS_DIR; };
		3D1DD12E19FF242700BA7E2A /* Info.plist */ = {isa = PBXFileReference; lastKnownFileType = text.plist.xml; path = Info.plist; sourceTree = "<group>"; };
		3D1DD12F19FF242700BA7E2A /* SwINQTests.swift */ = {isa = PBXFileReference; lastKnownFileType = sourcecode.swift; path = SwINQTests.swift; sourceTree = "<group>"; };
/* End PBXFileReference section */

/* Begin PBXFrameworksBuildPhase section */
		3D1DD10C19FF242700BA7E2A /* Frameworks */ = {
			isa = PBXFrameworksBuildPhase;
			buildActionMask = 2147483647;
			files = (
			);
			runOnlyForDeploymentPostprocessing = 0;
		};
		3D1DD12619FF242700BA7E2A /* Frameworks */ = {
			isa = PBXFrameworksBuildPhase;
			buildActionMask = 2147483647;
			files = (
			);
			runOnlyForDeploymentPostprocessing = 0;
		};
/* End PBXFrameworksBuildPhase section */

/* Begin PBXGroup section */
		3D1DD10619FF242700BA7E2A = {
			isa = PBXGroup;
			children = (
				3D1DD11119FF242700BA7E2A /* SwINQ */,
				3D1DD12C19FF242700BA7E2A /* SwINQTests */,
				3D1DD11019FF242700BA7E2A /* Products */,
			);
			sourceTree = "<group>";
		};
		3D1DD11019FF242700BA7E2A /* Products */ = {
			isa = PBXGroup;
			children = (
				3D1DD10F19FF242700BA7E2A /* SwINQ.app */,
				3D1DD12919FF242700BA7E2A /* SwINQTests.xctest */,
			);
			name = Products;
			sourceTree = "<group>";
		};
		3D1DD11119FF242700BA7E2A /* SwINQ */ = {
			isa = PBXGroup;
			children = (
				3D1DD11419FF242700BA7E2A /* AppDelegate.swift */,
				3D1DD11919FF242700BA7E2A /* MasterViewController.swift */,
				3D1DD11B19FF242700BA7E2A /* DetailViewController.swift */,
				3D1DD11D19FF242700BA7E2A /* Main.storyboard */,
				3D1DD12019FF242700BA7E2A /* Images.xcassets */,
				3D1DD12219FF242700BA7E2A /* LaunchScreen.xib */,
				3D1DD11619FF242700BA7E2A /* SwINQ.xcdatamodeld */,
				3D1DD11219FF242700BA7E2A /* Supporting Files */,
			);
			path = SwINQ;
			sourceTree = "<group>";
		};
		3D1DD11219FF242700BA7E2A /* Supporting Files */ = {
			isa = PBXGroup;
			children = (
				3D1DD11319FF242700BA7E2A /* Info.plist */,
			);
			name = "Supporting Files";
			sourceTree = "<group>";
		};
		3D1DD12C19FF242700BA7E2A /* SwINQTests */ = {
			isa = PBXGroup;
			children = (
				3D1DD12F19FF242700BA7E2A /* SwINQTests.swift */,
				3D1DD12D19FF242700BA7E2A /* Supporting Files */,
			);
			path = SwINQTests;
			sourceTree = "<group>";
		};
		3D1DD12D19FF242700BA7E2A /* Supporting Files */ = {
			isa = PBXGroup;
			children = (
				3D1DD12E19FF242700BA7E2A /* Info.plist */,
			);
			name = "Supporting Files";
			sourceTree = "<group>";
		};
/* End PBXGroup section */

/* Begin PBXNativeTarget section */
		3D1DD10E19FF242700BA7E2A /* SwINQ */ = {
			isa = PBXNativeTarget;
			buildConfigurationList = 3D1DD13319FF242700BA7E2A /* Build configuration list for PBXNativeTarget "SwINQ" */;
			buildPhases = (
				3D1DD10B19FF242700BA7E2A /* Sources */,
				3D1DD10C19FF242700BA7E2A /* Frameworks */,
				3D1DD10D19FF242700BA7E2A /* Resources */,
			);
			buildRules = (
			);
			dependencies = (
			);
			name = SwINQ;
			productName = SwINQ;
			productReference = 3D1DD10F19FF242700BA7E2A /* SwINQ.app */;
			productType = "com.apple.product-type.application";
		};
		3D1DD12819FF242700BA7E2A /* SwINQTests */ = {
			isa = PBXNativeTarget;
			buildConfigurationList = 3D1DD13619FF242700BA7E2A /* Build configuration list for PBXNativeTarget "SwINQTests" */;
			buildPhases = (
				3D1DD12519FF242700BA7E2A /* Sources */,
				3D1DD12619FF242700BA7E2A /* Frameworks */,
				3D1DD12719FF242700BA7E2A /* Resources */,
			);
			buildRules = (
			);
			dependencies = (
				3D1DD12B19FF242700BA7E2A /* PBXTargetDependency */,
			);
			name = SwINQTests;
			productName = SwINQTests;
			productReference = 3D1DD12919FF242700BA7E2A /* SwINQTests.xctest */;
			productType = "com.apple.product-type.bundle.unit-test";
		};
/* End PBXNativeTarget section */

/* Begin PBXProject section */
		3D1DD10719FF242700BA7E2A /* Project object */ = {
			isa = PBXProject;
			attributes = {
				LastUpgradeCheck = 0610;
				ORGANIZATIONNAME = "Ben Nicholas";
				TargetAttributes = {
					3D1DD10E19FF242700BA7E2A = {
						CreatedOnToolsVersion = 6.1;
					};
					3D1DD12819FF242700BA7E2A = {
						CreatedOnToolsVersion = 6.1;
						TestTargetID = 3D1DD10E19FF242700BA7E2A;
					};
				};
			};
			buildConfigurationList = 3D1DD10A19FF242700BA7E2A /* Build configuration list for PBXProject "SwINQ" */;
			compatibilityVersion = "Xcode 3.2";
			developmentRegion = English;
			hasScannedForEncodings = 0;
			knownRegions = (
				en,
				Base,
			);
			mainGroup = 3D1DD10619FF242700BA7E2A;
			productRefGroup = 3D1DD11019FF242700BA7E2A /* Products */;
			projectDirPath = "";
			projectRoot = "";
			targets = (
				3D1DD10E19FF242700BA7E2A /* SwINQ */,
				3D1DD12819FF242700BA7E2A /* SwINQTests */,
			);
		};
/* End PBXProject section */

/* Begin PBXResourcesBuildPhase section */
		3D1DD10D19FF242700BA7E2A /* Resources */ = {
			isa = PBXResourcesBuildPhase;
			buildActionMask = 2147483647;
			files = (
				3D1DD11F19FF242700BA7E2A /* Main.storyboard in Resources */,
				3D1DD12419FF242700BA7E2A /* LaunchScreen.xib in Resources */,
				3D1DD12119FF242700BA7E2A /* Images.xcassets in Resources */,
			);
			runOnlyForDeploymentPostprocessing = 0;
		};
		3D1DD12719FF242700BA7E2A /* Resources */ = {
			isa = PBXResourcesBuildPhase;
			buildActionMask = 2147483647;
			files = (
			);
			runOnlyForDeploymentPostprocessing = 0;
		};
/* End PBXResourcesBuildPhase section */

/* Begin PBXSourcesBuildPhase section */
		3D1DD10B19FF242700BA7E2A /* Sources */ = {
			isa = PBXSourcesBuildPhase;
			buildActionMask = 2147483647;
			files = (
				3D1DD11819FF242700BA7E2A /* SwINQ.xcdatamodeld in Sources */,
				3D1DD11519FF242700BA7E2A /* AppDelegate.swift in Sources */,
				3D1DD11A19FF242700BA7E2A /* MasterViewController.swift in Sources */,
				3D1DD11C19FF242700BA7E2A /* DetailViewController.swift in Sources */,
			);
			runOnlyForDeploymentPostprocessing = 0;
		};
		3D1DD12519FF242700BA7E2A /* Sources */ = {
			isa = PBXSourcesBuildPhase;
			buildActionMask = 2147483647;
			files = (
				3D1DD13019FF242700BA7E2A /* SwINQTests.swift in Sources */,
			);
			runOnlyForDeploymentPostprocessing = 0;
		};
/* End PBXSourcesBuildPhase section */

/* Begin PBXTargetDependency section */
		3D1DD12B19FF242700BA7E2A /* PBXTargetDependency */ = {
			isa = PBXTargetDependency;
			target = 3D1DD10E19FF242700BA7E2A /* SwINQ */;
			targetProxy = 3D1DD12A19FF242700BA7E2A /* PBXContainerItemProxy */;
		};
/* End PBXTargetDependency section */

/* Begin PBXVariantGroup section */
		3D1DD11D19FF242700BA7E2A /* Main.storyboard */ = {
			isa = PBXVariantGroup;
			children = (
				3D1DD11E19FF242700BA7E2A /* Base */,
			);
			name = Main.storyboard;
			sourceTree = "<group>";
		};
		3D1DD12219FF242700BA7E2A /* LaunchScreen.xib */ = {
			isa = PBXVariantGroup;
			children = (
				3D1DD12319FF242700BA7E2A /* Base */,
			);
			name = LaunchScreen.xib;
			sourceTree = "<group>";
		};
/* End PBXVariantGroup section */

/* Begin XCBuildConfiguration section */
		3D1DD13119FF242700BA7E2A /* Debug */ = {
			isa = XCBuildConfiguration;
			buildSettings = {
				ALWAYS_SEARCH_USER_PATHS = NO;
				CLANG_CXX_LANGUAGE_STANDARD = "gnu++0x";
				CLANG_CXX_LIBRARY = "libc++";
				CLANG_ENABLE_MODULES = YES;
				CLANG_ENABLE_OBJC_ARC = YES;
				CLANG_WARN_BOOL_CONVERSION = YES;
				CLANG_WARN_CONSTANT_CONVERSION = YES;
				CLANG_WARN_DIRECT_OBJC_ISA_USAGE = YES_ERROR;
				CLANG_WARN_EMPTY_BODY = YES;
				CLANG_WARN_ENUM_CONVERSION = YES;
				CLANG_WARN_INT_CONVERSION = YES;
				CLANG_WARN_OBJC_ROOT_CLASS = YES_ERROR;
				CLANG_WARN_UNREACHABLE_CODE = YES;
				CLANG_WARN__DUPLICATE_METHOD_MATCH = YES;
				"CODE_SIGN_IDENTITY[sdk=iphoneos*]" = "iPhone Developer";
				COPY_PHASE_STRIP = NO;
				ENABLE_STRICT_OBJC_MSGSEND = YES;
				GCC_C_LANGUAGE_STANDARD = gnu99;
				GCC_DYNAMIC_NO_PIC = NO;
				GCC_OPTIMIZATION_LEVEL = 0;
				GCC_PREPROCESSOR_DEFINITIONS = (
					"DEBUG=1",
					"$(inherited)",
				);
				GCC_SYMBOLS_PRIVATE_EXTERN = NO;
				GCC_WARN_64_TO_32_BIT_CONVERSION = YES;
				GCC_WARN_ABOUT_RETURN_TYPE = YES_ERROR;
				GCC_WARN_UNDECLARED_SELECTOR = YES;
				GCC_WARN_UNINITIALIZED_AUTOS = YES_AGGRESSIVE;
				GCC_WARN_UNUSED_FUNCTION = YES;
				GCC_WARN_UNUSED_VARIABLE = YES;
				IPHONEOS_DEPLOYMENT_TARGET = 8.1;
				MTL_ENABLE_DEBUG_INFO = YES;
				ONLY_ACTIVE_ARCH = YES;
				SDKROOT = iphoneos;
				SWIFT_OPTIMIZATION_LEVEL = "-Onone";
			};
			name = Debug;
		};
		3D1DD13219FF242700BA7E2A /* Release */ = {
			isa = XCBuildConfiguration;
			buildSettings = {
				ALWAYS_SEARCH_USER_PATHS = NO;
				CLANG_CXX_LANGUAGE_STANDARD = "gnu++0x";
				CLANG_CXX_LIBRARY = "libc++";
				CLANG_ENABLE_MODULES = YES;
				CLANG_ENABLE_OBJC_ARC = YES;
				CLANG_WARN_BOOL_CONVERSION = YES;
				CLANG_WARN_CONSTANT_CONVERSION = YES;
				CLANG_WARN_DIRECT_OBJC_ISA_USAGE = YES_ERROR;
				CLANG_WARN_EMPTY_BODY = YES;
				CLANG_WARN_ENUM_CONVERSION = YES;
				CLANG_WARN_INT_CONVERSION = YES;
				CLANG_WARN_OBJC_ROOT_CLASS = YES_ERROR;
				CLANG_WARN_UNREACHABLE_CODE = YES;
				CLANG_WARN__DUPLICATE_METHOD_MATCH = YES;
				"CODE_SIGN_IDENTITY[sdk=iphoneos*]" = "iPhone Developer";
				COPY_PHASE_STRIP = YES;
				ENABLE_NS_ASSERTIONS = NO;
				ENABLE_STRICT_OBJC_MSGSEND = YES;
				GCC_C_LANGUAGE_STANDARD = gnu99;
				GCC_WARN_64_TO_32_BIT_CONVERSION = YES;
				GCC_WARN_ABOUT_RETURN_TYPE = YES_ERROR;
				GCC_WARN_UNDECLARED_SELECTOR = YES;
				GCC_WARN_UNINITIALIZED_AUTOS = YES_AGGRESSIVE;
				GCC_WARN_UNUSED_FUNCTION = YES;
				GCC_WARN_UNUSED_VARIABLE = YES;
				IPHONEOS_DEPLOYMENT_TARGET = 8.1;
				MTL_ENABLE_DEBUG_INFO = NO;
				SDKROOT = iphoneos;
				VALIDATE_PRODUCT = YES;
			};
			name = Release;
		};
		3D1DD13419FF242700BA7E2A /* Debug */ = {
			isa = XCBuildConfiguration;
			buildSettings = {
				ASSETCATALOG_COMPILER_APPICON_NAME = AppIcon;
				INFOPLIST_FILE = SwINQ/Info.plist;
				LD_RUNPATH_SEARCH_PATHS = "$(inherited) @executable_path/Frameworks";
				PRODUCT_NAME = "$(TARGET_NAME)";
			};
			name = Debug;
		};
		3D1DD13519FF242700BA7E2A /* Release */ = {
			isa = XCBuildConfiguration;
			buildSettings = {
				ASSETCATALOG_COMPILER_APPICON_NAME = AppIcon;
				INFOPLIST_FILE = SwINQ/Info.plist;
				LD_RUNPATH_SEARCH_PATHS = "$(inherited) @executable_path/Frameworks";
				PRODUCT_NAME = "$(TARGET_NAME)";
			};
			name = Release;
		};
		3D1DD13719FF242700BA7E2A /* Debug */ = {
			isa = XCBuildConfiguration;
			buildSettings = {
				BUNDLE_LOADER = "$(TEST_HOST)";
				FRAMEWORK_SEARCH_PATHS = (
					"$(SDKROOT)/Developer/Library/Frameworks",
					"$(inherited)",
				);
				GCC_PREPROCESSOR_DEFINITIONS = (
					"DEBUG=1",
					"$(inherited)",
				);
				INFOPLIST_FILE = SwINQTests/Info.plist;
				LD_RUNPATH_SEARCH_PATHS = "$(inherited) @executable_path/Frameworks @loader_path/Frameworks";
				PRODUCT_NAME = "$(TARGET_NAME)";
				TEST_HOST = "$(BUILT_PRODUCTS_DIR)/SwINQ.app/SwINQ";
			};
			name = Debug;
		};
		3D1DD13819FF242700BA7E2A /* Release */ = {
			isa = XCBuildConfiguration;
			buildSettings = {
				BUNDLE_LOADER = "$(TEST_HOST)";
				FRAMEWORK_SEARCH_PATHS = (
					"$(SDKROOT)/Developer/Library/Frameworks",
					"$(inherited)",
				);
				INFOPLIST_FILE = SwINQTests/Info.plist;
				LD_RUNPATH_SEARCH_PATHS = "$(inherited) @executable_path/Frameworks @loader_path/Frameworks";
				PRODUCT_NAME = "$(TARGET_NAME)";
				TEST_HOST = "$(BUILT_PRODUCTS_DIR)/SwINQ.app/SwINQ";
			};
			name = Release;
		};
/* End XCBuildConfiguration section */

/* Begin XCConfigurationList section */
		3D1DD10A19FF242700BA7E2A /* Build configuration list for PBXProject "SwINQ" */ = {
			isa = XCConfigurationList;
			buildConfigurations = (
				3D1DD13119FF242700BA7E2A /* Debug */,
				3D1DD13219FF242700BA7E2A /* Release */,
			);
			defaultConfigurationIsVisible = 0;
			defaultConfigurationName = Release;
		};
		3D1DD13319FF242700BA7E2A /* Build configuration list for PBXNativeTarget "SwINQ" */ = {
			isa = XCConfigurationList;
			buildConfigurations = (
				3D1DD13419FF242700BA7E2A /* Debug */,
				3D1DD13519FF242700BA7E2A /* Release */,
			);
			defaultConfigurationIsVisible = 0;
		};
		3D1DD13619FF242700BA7E2A /* Build configuration list for PBXNativeTarget "SwINQTests" */ = {
			isa = XCConfigurationList;
			buildConfigurations = (
				3D1DD13719FF242700BA7E2A /* Debug */,
				3D1DD13819FF242700BA7E2A /* Release */,
			);
			defaultConfigurationIsVisible = 0;
		};
/* End XCConfigurationList section */

/* Begin XCVersionGroup section */
		3D1DD11619FF242700BA7E2A /* SwINQ.xcdatamodeld */ = {
			isa = XCVersionGroup;
			children = (
				3D1DD11719FF242700BA7E2A /* SwINQ.xcdatamodel */,
			);
			currentVersion = 3D1DD11719FF242700BA7E2A /* SwINQ.xcdatamodel */;
			path = SwINQ.xcdatamodeld;
			sourceTree = "<group>";
			versionGroupType = wrapper.xcdatamodel;
		};
/* End XCVersionGroup section */
	};
	rootObject = 3D1DD10719FF242700BA7E2A /* Project object */;
}
